
Microsoft Visual Studio Solution File, Format Version 12.00
# Visual Studio 15
VisualStudioVersion = 15.0.28307.329
MinimumVisualStudioVersion = 10.0.40219.1
Project("{FAE04EC0-301F-11D3-BF4B-00C04F79EFBC}") = "Aula1902", "Aula1902\Aula1902.csproj", "{5EB030A3-447A-4D3B-A5C3-72D5A7B7E004}"
EndProject
Global
	GlobalSection(SolutionConfigurationPlatforms) = preSolution
		Debug|Any CPU = Debug|Any CPU
		Release|Any CPU = Release|Any CPU
	EndGlobalSection
	GlobalSection(ProjectConfigurationPlatforms) = postSolution
		{5EB030A3-447A-4D3B-A5C3-72D5A7B7E004}.Debug|Any CPU.ActiveCfg = Debug|Any CPU
		{5EB030A3-447A-4D3B-A5C3-72D5A7B7E004}.Debug|Any CPU.Build.0 = Debug|Any CPU
		{5EB030A3-447A-4D3B-A5C3-72D5A7B7E004}.Release|Any CPU.ActiveCfg = Release|Any CPU
		{5EB030A3-447A-4D3B-A5C3-72D5A7B7E004}.Release|Any CPU.Build.0 = Release|Any CPU
	EndGlobalSection
	GlobalSection(SolutionProperties) = preSolution
		HideSolutionNode = FALSE
	EndGlobalSection
	GlobalSection(ExtensibilityGlobals) = postSolution
		SolutionGuid = {11180F39-6ED5-4652-A29E-17CF409A9487}
	EndGlobalSection
EndGlobal
