
Microsoft Visual Studio Solution File, Format Version 12.00
# Visual Studio 15
VisualStudioVersion = 15.0.28307.329
MinimumVisualStudioVersion = 10.0.40219.1
Project("{FAE04EC0-301F-11D3-BF4B-00C04F79EFBC}") = "Exercicio01", "Aula2602\Exercicio01.csproj", "{45C533D9-D63F-4013-9B01-B710E06AB233}"
EndProject
Project("{FAE04EC0-301F-11D3-BF4B-00C04F79EFBC}") = "Exercicio02", "Exercicio02\Exercicio02.csproj", "{507722DF-2C9E-40CD-821A-FD49D5850CF0}"
EndProject
Project("{FAE04EC0-301F-11D3-BF4B-00C04F79EFBC}") = "Exercicio03", "Exercicio03\Exercicio03.csproj", "{13FF6572-B277-4285-B3FF-6D9A29376ABE}"
EndProject
Project("{FAE04EC0-301F-11D3-BF4B-00C04F79EFBC}") = "Exercicio04", "Exercicio04\Exercicio04.csproj", "{CD9F3DA0-5D8F-4464-9A0C-974041A619EF}"
EndProject
Global
	GlobalSection(SolutionConfigurationPlatforms) = preSolution
		Debug|Any CPU = Debug|Any CPU
		Release|Any CPU = Release|Any CPU
	EndGlobalSection
	GlobalSection(ProjectConfigurationPlatforms) = postSolution
		{45C533D9-D63F-4013-9B01-B710E06AB233}.Debug|Any CPU.ActiveCfg = Debug|Any CPU
		{45C533D9-D63F-4013-9B01-B710E06AB233}.Debug|Any CPU.Build.0 = Debug|Any CPU
		{45C533D9-D63F-4013-9B01-B710E06AB233}.Release|Any CPU.ActiveCfg = Release|Any CPU
		{45C533D9-D63F-4013-9B01-B710E06AB233}.Release|Any CPU.Build.0 = Release|Any CPU
		{507722DF-2C9E-40CD-821A-FD49D5850CF0}.Debug|Any CPU.ActiveCfg = Debug|Any CPU
		{507722DF-2C9E-40CD-821A-FD49D5850CF0}.Debug|Any CPU.Build.0 = Debug|Any CPU
		{507722DF-2C9E-40CD-821A-FD49D5850CF0}.Release|Any CPU.ActiveCfg = Release|Any CPU
		{507722DF-2C9E-40CD-821A-FD49D5850CF0}.Release|Any CPU.Build.0 = Release|Any CPU
		{13FF6572-B277-4285-B3FF-6D9A29376ABE}.Debug|Any CPU.ActiveCfg = Debug|Any CPU
		{13FF6572-B277-4285-B3FF-6D9A29376ABE}.Debug|Any CPU.Build.0 = Debug|Any CPU
		{13FF6572-B277-4285-B3FF-6D9A29376ABE}.Release|Any CPU.ActiveCfg = Release|Any CPU
		{13FF6572-B277-4285-B3FF-6D9A29376ABE}.Release|Any CPU.Build.0 = Release|Any CPU
		{CD9F3DA0-5D8F-4464-9A0C-974041A619EF}.Debug|Any CPU.ActiveCfg = Debug|Any CPU
		{CD9F3DA0-5D8F-4464-9A0C-974041A619EF}.Debug|Any CPU.Build.0 = Debug|Any CPU
		{CD9F3DA0-5D8F-4464-9A0C-974041A619EF}.Release|Any CPU.ActiveCfg = Release|Any CPU
		{CD9F3DA0-5D8F-4464-9A0C-974041A619EF}.Release|Any CPU.Build.0 = Release|Any CPU
	EndGlobalSection
	GlobalSection(SolutionProperties) = preSolution
		HideSolutionNode = FALSE
	EndGlobalSection
	GlobalSection(ExtensibilityGlobals) = postSolution
		SolutionGuid = {A28B10BD-9D5B-470C-8847-7D798AE9D37E}
	EndGlobalSection
EndGlobal
